// !$*UTF8*$!
{
	archiveVersion = 1;
	classes = {
	};
	objectVersion = 51;
	objects = {

/* Begin PBXBuildFile section */
		017E3DA12632779E00E419D1 /* LoweWeatherApp.swift in Sources */ = {isa = PBXBuildFile; fileRef = 017E3DA02632779E00E419D1 /* LoweWeatherApp.swift */; };
		017E3DA32632779E00E419D1 /* ContentView.swift in Sources */ = {isa = PBXBuildFile; fileRef = 017E3DA22632779E00E419D1 /* ContentView.swift */; };
		017E3DA5263277A300E419D1 /* Assets.xcassets in Resources */ = {isa = PBXBuildFile; fileRef = 017E3DA4263277A300E419D1 /* Assets.xcassets */; };
		017E3DA8263277A300E419D1 /* Preview Assets.xcassets in Resources */ = {isa = PBXBuildFile; fileRef = 017E3DA7263277A300E419D1 /* Preview Assets.xcassets */; };
		017E3DBA263279C700E419D1 /* Weather.swift in Sources */ = {isa = PBXBuildFile; fileRef = 017E3DB9263279C700E419D1 /* Weather.swift */; };
		01C309972635156B006F3C1A /* APICall.swift in Sources */ = {isa = PBXBuildFile; fileRef = 01C309962635156B006F3C1A /* APICall.swift */; };
		01C3099E263648C3006F3C1A /* WeatherList.swift in Sources */ = {isa = PBXBuildFile; fileRef = 01C3099D263648C3006F3C1A /* WeatherList.swift */; };
		01C309B32636F1B2006F3C1A /* WeatherDetail.swift in Sources */ = {isa = PBXBuildFile; fileRef = 01C309B22636F1B2006F3C1A /* WeatherDetail.swift */; };
		C1182EFB65112CA1E5032263 /* Pods_LoweWeather.framework in Frameworks */ = {isa = PBXBuildFile; fileRef = 2DC46AD6F3DBD21057AA4D6C /* Pods_LoweWeather.framework */; };
/* End PBXBuildFile section */

/* Begin PBXFileReference section */
		017E3D9D2632779E00E419D1 /* LoweWeather.app */ = {isa = PBXFileReference; explicitFileType = wrapper.application; includeInIndex = 0; path = LoweWeather.app; sourceTree = BUILT_PRODUCTS_DIR; };
		017E3DA02632779E00E419D1 /* LoweWeatherApp.swift */ = {isa = PBXFileReference; lastKnownFileType = sourcecode.swift; path = LoweWeatherApp.swift; sourceTree = "<group>"; };
		017E3DA22632779E00E419D1 /* ContentView.swift */ = {isa = PBXFileReference; lastKnownFileType = sourcecode.swift; path = ContentView.swift; sourceTree = "<group>"; };
		017E3DA4263277A300E419D1 /* Assets.xcassets */ = {isa = PBXFileReference; lastKnownFileType = folder.assetcatalog; path = Assets.xcassets; sourceTree = "<group>"; };
		017E3DA7263277A300E419D1 /* Preview Assets.xcassets */ = {isa = PBXFileReference; lastKnownFileType = folder.assetcatalog; path = "Preview Assets.xcassets"; sourceTree = "<group>"; };
		017E3DA9263277A300E419D1 /* Info.plist */ = {isa = PBXFileReference; lastKnownFileType = text.plist.xml; path = Info.plist; sourceTree = "<group>"; };
		017E3DB9263279C700E419D1 /* Weather.swift */ = {isa = PBXFileReference; lastKnownFileType = sourcecode.swift; path = Weather.swift; sourceTree = "<group>"; };
		01C309962635156B006F3C1A /* APICall.swift */ = {isa = PBXFileReference; lastKnownFileType = sourcecode.swift; path = APICall.swift; sourceTree = "<group>"; };
		01C3099D263648C3006F3C1A /* WeatherList.swift */ = {isa = PBXFileReference; lastKnownFileType = sourcecode.swift; path = WeatherList.swift; sourceTree = "<group>"; };
		01C309B22636F1B2006F3C1A /* WeatherDetail.swift */ = {isa = PBXFileReference; lastKnownFileType = sourcecode.swift; path = WeatherDetail.swift; sourceTree = "<group>"; };
		2DC46AD6F3DBD21057AA4D6C /* Pods_LoweWeather.framework */ = {isa = PBXFileReference; explicitFileType = wrapper.framework; includeInIndex = 0; path = Pods_LoweWeather.framework; sourceTree = BUILT_PRODUCTS_DIR; };
		92C8860E680C6FA79792573B /* Pods-LoweWeather.debug.xcconfig */ = {isa = PBXFileReference; includeInIndex = 1; lastKnownFileType = text.xcconfig; name = "Pods-LoweWeather.debug.xcconfig"; path = "Target Support Files/Pods-LoweWeather/Pods-LoweWeather.debug.xcconfig"; sourceTree = "<group>"; };
		CEDDF1132AEB11B0F7F282F6 /* Pods-LoweWeather.release.xcconfig */ = {isa = PBXFileReference; includeInIndex = 1; lastKnownFileType = text.xcconfig; name = "Pods-LoweWeather.release.xcconfig"; path = "Target Support Files/Pods-LoweWeather/Pods-LoweWeather.release.xcconfig"; sourceTree = "<group>"; };
/* End PBXFileReference section */

/* Begin PBXFrameworksBuildPhase section */
		017E3D9A2632779E00E419D1 /* Frameworks */ = {
			isa = PBXFrameworksBuildPhase;
			buildActionMask = 2147483647;
			files = (
				C1182EFB65112CA1E5032263 /* Pods_LoweWeather.framework in Frameworks */,
			);
			runOnlyForDeploymentPostprocessing = 0;
		};
/* End PBXFrameworksBuildPhase section */

/* Begin PBXGroup section */
		017E3D942632779D00E419D1 = {
			isa = PBXGroup;
			children = (
				017E3D9F2632779E00E419D1 /* LoweWeather */,
				017E3D9E2632779E00E419D1 /* Products */,
				447D3636E77690C371459BD4 /* Pods */,
				D740CFFF9CBAE81D6A36CA60 /* Frameworks */,
			);
			sourceTree = "<group>";
		};
		017E3D9E2632779E00E419D1 /* Products */ = {
			isa = PBXGroup;
			children = (
				017E3D9D2632779E00E419D1 /* LoweWeather.app */,
			);
			name = Products;
			sourceTree = "<group>";
		};
		017E3D9F2632779E00E419D1 /* LoweWeather */ = {
			isa = PBXGroup;
			children = (
				01C309992635255B006F3C1A /* Views */,
				017E3DB52632787300E419D1 /* Model */,
				017E3DA02632779E00E419D1 /* LoweWeatherApp.swift */,
				017E3DA4263277A300E419D1 /* Assets.xcassets */,
				017E3DA9263277A300E419D1 /* Info.plist */,
				017E3DA6263277A300E419D1 /* Preview Content */,
			);
			path = LoweWeather;
			sourceTree = "<group>";
		};
		017E3DA6263277A300E419D1 /* Preview Content */ = {
			isa = PBXGroup;
			children = (
				017E3DA7263277A300E419D1 /* Preview Assets.xcassets */,
			);
			path = "Preview Content";
			sourceTree = "<group>";
		};
		017E3DB52632787300E419D1 /* Model */ = {
			isa = PBXGroup;
			children = (
				01C309962635156B006F3C1A /* APICall.swift */,
				017E3DB9263279C700E419D1 /* Weather.swift */,
			);
			path = Model;
			sourceTree = "<group>";
		};
		01C309992635255B006F3C1A /* Views */ = {
			isa = PBXGroup;
			children = (
				017E3DA22632779E00E419D1 /* ContentView.swift */,
				01C3099D263648C3006F3C1A /* WeatherList.swift */,
				01C309B22636F1B2006F3C1A /* WeatherDetail.swift */,
			);
			path = Views;
			sourceTree = "<group>";
		};
		447D3636E77690C371459BD4 /* Pods */ = {
			isa = PBXGroup;
			children = (
				92C8860E680C6FA79792573B /* Pods-LoweWeather.debug.xcconfig */,
				CEDDF1132AEB11B0F7F282F6 /* Pods-LoweWeather.release.xcconfig */,
			);
			path = Pods;
			sourceTree = "<group>";
		};
		D740CFFF9CBAE81D6A36CA60 /* Frameworks */ = {
			isa = PBXGroup;
			children = (
				2DC46AD6F3DBD21057AA4D6C /* Pods_LoweWeather.framework */,
			);
			name = Frameworks;
			sourceTree = "<group>";
		};
/* End PBXGroup section */

/* Begin PBXNativeTarget section */
		017E3D9C2632779E00E419D1 /* LoweWeather */ = {
			isa = PBXNativeTarget;
			buildConfigurationList = 017E3DAC263277A300E419D1 /* Build configuration list for PBXNativeTarget "LoweWeather" */;
			buildPhases = (
				BB88B67FCD66A034D2699FC2 /* [CP] Check Pods Manifest.lock */,
				017E3D992632779E00E419D1 /* Sources */,
				017E3D9A2632779E00E419D1 /* Frameworks */,
				017E3D9B2632779E00E419D1 /* Resources */,
				C25AF2AFB86DBD639230FAB9 /* [CP] Embed Pods Frameworks */,
			);
			buildRules = (
			);
			dependencies = (
			);
			name = LoweWeather;
			productName = LoweWeather;
			productReference = 017E3D9D2632779E00E419D1 /* LoweWeather.app */;
			productType = "com.apple.product-type.application";
		};
/* End PBXNativeTarget section */

/* Begin PBXProject section */
		017E3D952632779D00E419D1 /* Project object */ = {
			isa = PBXProject;
			attributes = {
				LastSwiftUpdateCheck = 1240;
				LastUpgradeCheck = 1240;
				TargetAttributes = {
					017E3D9C2632779E00E419D1 = {
						CreatedOnToolsVersion = 12.4;
					};
				};
			};
			buildConfigurationList = 017E3D982632779D00E419D1 /* Build configuration list for PBXProject "LoweWeather" */;
			compatibilityVersion = "Xcode 9.3";
			developmentRegion = en;
			hasScannedForEncodings = 0;
			knownRegions = (
				en,
				Base,
			);
			mainGroup = 017E3D942632779D00E419D1;
			productRefGroup = 017E3D9E2632779E00E419D1 /* Products */;
			projectDirPath = "";
			projectRoot = "";
			targets = (
				017E3D9C2632779E00E419D1 /* LoweWeather */,
			);
		};
/* End PBXProject section */

/* Begin PBXResourcesBuildPhase section */
		017E3D9B2632779E00E419D1 /* Resources */ = {
			isa = PBXResourcesBuildPhase;
			buildActionMask = 2147483647;
			files = (
				017E3DA8263277A300E419D1 /* Preview Assets.xcassets in Resources */,
				017E3DA5263277A300E419D1 /* Assets.xcassets in Resources */,
			);
			runOnlyForDeploymentPostprocessing = 0;
		};
/* End PBXResourcesBuildPhase section */

/* Begin PBXShellScriptBuildPhase section */
		BB88B67FCD66A034D2699FC2 /* [CP] Check Pods Manifest.lock */ = {
			isa = PBXShellScriptBuildPhase;
			buildActionMask = 2147483647;
			files = (
			);
			inputFileListPaths = (
			);
			inputPaths = (
				"${PODS_PODFILE_DIR_PATH}/Podfile.lock",
				"${PODS_ROOT}/Manifest.lock",
			);
			name = "[CP] Check Pods Manifest.lock";
			outputFileListPaths = (
			);
			outputPaths = (
				"$(DERIVED_FILE_DIR)/Pods-LoweWeather-checkManifestLockResult.txt",
			);
			runOnlyForDeploymentPostprocessing = 0;
			shellPath = /bin/sh;
			shellScript = "diff \"${PODS_PODFILE_DIR_PATH}/Podfile.lock\" \"${PODS_ROOT}/Manifest.lock\" > /dev/null\nif [ $? != 0 ] ; then\n    # print error to STDERR\n    echo \"error: The sandbox is not in sync with the Podfile.lock. Run 'pod install' or update your CocoaPods installation.\" >&2\n    exit 1\nfi\n# This output is used by Xcode 'outputs' to avoid re-running this script phase.\necho \"SUCCESS\" > \"${SCRIPT_OUTPUT_FILE_0}\"\n";
			showEnvVarsInLog = 0;
		};
		C25AF2AFB86DBD639230FAB9 /* [CP] Embed Pods Frameworks */ = {
			isa = PBXShellScriptBuildPhase;
			buildActionMask = 2147483647;
			files = (
			);
			inputFileListPaths = (
				"${PODS_ROOT}/Target Support Files/Pods-LoweWeather/Pods-LoweWeather-frameworks-${CONFIGURATION}-input-files.xcfilelist",
			);
			name = "[CP] Embed Pods Frameworks";
			outputFileListPaths = (
				"${PODS_ROOT}/Target Support Files/Pods-LoweWeather/Pods-LoweWeather-frameworks-${CONFIGURATION}-output-files.xcfilelist",
			);
			runOnlyForDeploymentPostprocessing = 0;
			shellPath = /bin/sh;
			shellScript = "\"${PODS_ROOT}/Target Support Files/Pods-LoweWeather/Pods-LoweWeather-frameworks.sh\"\n";
			showEnvVarsInLog = 0;
		};
/* End PBXShellScriptBuildPhase section */

/* Begin PBXSourcesBuildPhase section */
		017E3D992632779E00E419D1 /* Sources */ = {
			isa = PBXSourcesBuildPhase;
			buildActionMask = 2147483647;
			files = (
				017E3DBA263279C700E419D1 /* Weather.swift in Sources */,
				01C3099E263648C3006F3C1A /* WeatherList.swift in Sources */,
				017E3DA32632779E00E419D1 /* ContentView.swift in Sources */,
				01C309B32636F1B2006F3C1A /* WeatherDetail.swift in Sources */,
				01C309972635156B006F3C1A /* APICall.swift in Sources */,
				017E3DA12632779E00E419D1 /* LoweWeatherApp.swift in Sources */,
			);
			runOnlyForDeploymentPostprocessing = 0;
		};
/* End PBXSourcesBuildPhase section */

/* Begin XCBuildConfiguration section */
		017E3DAA263277A300E419D1 /* Debug */ = {
			isa = XCBuildConfiguration;
			buildSettings = {
				ALWAYS_SEARCH_USER_PATHS = NO;
				CLANG_ANALYZER_NONNULL = YES;
				CLANG_ANALYZER_NUMBER_OBJECT_CONVERSION = YES_AGGRESSIVE;
				CLANG_CXX_LANGUAGE_STANDARD = "gnu++14";
				CLANG_CXX_LIBRARY = "libc++";
				CLANG_ENABLE_MODULES = YES;
				CLANG_ENABLE_OBJC_ARC = YES;
				CLANG_ENABLE_OBJC_WEAK = YES;
				CLANG_WARN_BLOCK_CAPTURE_AUTORELEASING = YES;
				CLANG_WARN_BOOL_CONVERSION = YES;
				CLANG_WARN_COMMA = YES;
				CLANG_WARN_CONSTANT_CONVERSION = YES;
				CLANG_WARN_DEPRECATED_OBJC_IMPLEMENTATIONS = YES;
				CLANG_WARN_DIRECT_OBJC_ISA_USAGE = YES_ERROR;
				CLANG_WARN_DOCUMENTATION_COMMENTS = YES;
				CLANG_WARN_EMPTY_BODY = YES;
				CLANG_WARN_ENUM_CONVERSION = YES;
				CLANG_WARN_INFINITE_RECURSION = YES;
				CLANG_WARN_INT_CONVERSION = YES;
				CLANG_WARN_NON_LITERAL_NULL_CONVERSION = YES;
				CLANG_WARN_OBJC_IMPLICIT_RETAIN_SELF = YES;
				CLANG_WARN_OBJC_LITERAL_CONVERSION = YES;
				CLANG_WARN_OBJC_ROOT_CLASS = YES_ERROR;
				CLANG_WARN_QUOTED_INCLUDE_IN_FRAMEWORK_HEADER = YES;
				CLANG_WARN_RANGE_LOOP_ANALYSIS = YES;
				CLANG_WARN_STRICT_PROTOTYPES = YES;
				CLANG_WARN_SUSPICIOUS_MOVE = YES;
				CLANG_WARN_UNGUARDED_AVAILABILITY = YES_AGGRESSIVE;
				CLANG_WARN_UNREACHABLE_CODE = YES;
				CLANG_WARN__DUPLICATE_METHOD_MATCH = YES;
				COPY_PHASE_STRIP = NO;
				DEBUG_INFORMATION_FORMAT = dwarf;
				ENABLE_STRICT_OBJC_MSGSEND = YES;
				ENABLE_TESTABILITY = YES;
				GCC_C_LANGUAGE_STANDARD = gnu11;
				GCC_DYNAMIC_NO_PIC = NO;
				GCC_NO_COMMON_BLOCKS = YES;
				GCC_OPTIMIZATION_LEVEL = 0;
				GCC_PREPROCESSOR_DEFINITIONS = (
					"DEBUG=1",
					"$(inherited)",
				);
				GCC_WARN_64_TO_32_BIT_CONVERSION = YES;
				GCC_WARN_ABOUT_RETURN_TYPE = YES_ERROR;
				GCC_WARN_UNDECLARED_SELECTOR = YES;
				GCC_WARN_UNINITIALIZED_AUTOS = YES_AGGRESSIVE;
				GCC_WARN_UNUSED_FUNCTION = YES;
				GCC_WARN_UNUSED_VARIABLE = YES;
				IPHONEOS_DEPLOYMENT_TARGET = 14.4;
				MTL_ENABLE_DEBUG_INFO = INCLUDE_SOURCE;
				MTL_FAST_MATH = YES;
				ONLY_ACTIVE_ARCH = YES;
				SDKROOT = iphoneos;
				SWIFT_ACTIVE_COMPILATION_CONDITIONS = DEBUG;
				SWIFT_OPTIMIZATION_LEVEL = "-Onone";
			};
			name = Debug;
		};
		017E3DAB263277A300E419D1 /* Release */ = {
			isa = XCBuildConfiguration;
			buildSettings = {
				ALWAYS_SEARCH_USER_PATHS = NO;
				CLANG_ANALYZER_NONNULL = YES;
				CLANG_ANALYZER_NUMBER_OBJECT_CONVERSION = YES_AGGRESSIVE;
				CLANG_CXX_LANGUAGE_STANDARD = "gnu++14";
				CLANG_CXX_LIBRARY = "libc++";
				CLANG_ENABLE_MODULES = YES;
				CLANG_ENABLE_OBJC_ARC = YES;
				CLANG_ENABLE_OBJC_WEAK = YES;
				CLANG_WARN_BLOCK_CAPTURE_AUTORELEASING = YES;
				CLANG_WARN_BOOL_CONVERSION = YES;
				CLANG_WARN_COMMA = YES;
				CLANG_WARN_CONSTANT_CONVERSION = YES;
				CLANG_WARN_DEPRECATED_OBJC_IMPLEMENTATIONS = YES;
				CLANG_WARN_DIRECT_OBJC_ISA_USAGE = YES_ERROR;
				CLANG_WARN_DOCUMENTATION_COMMENTS = YES;
				CLANG_WARN_EMPTY_BODY = YES;
				CLANG_WARN_ENUM_CONVERSION = YES;
				CLANG_WARN_INFINITE_RECURSION = YES;
				CLANG_WARN_INT_CONVERSION = YES;
				CLANG_WARN_NON_LITERAL_NULL_CONVERSION = YES;
				CLANG_WARN_OBJC_IMPLICIT_RETAIN_SELF = YES;
				CLANG_WARN_OBJC_LITERAL_CONVERSION = YES;
				CLANG_WARN_OBJC_ROOT_CLASS = YES_ERROR;
				CLANG_WARN_QUOTED_INCLUDE_IN_FRAMEWORK_HEADER = YES;
				CLANG_WARN_RANGE_LOOP_ANALYSIS = YES;
				CLANG_WARN_STRICT_PROTOTYPES = YES;
				CLANG_WARN_SUSPICIOUS_MOVE = YES;
				CLANG_WARN_UNGUARDED_AVAILABILITY = YES_AGGRESSIVE;
				CLANG_WARN_UNREACHABLE_CODE = YES;
				CLANG_WARN__DUPLICATE_METHOD_MATCH = YES;
				COPY_PHASE_STRIP = NO;
				DEBUG_INFORMATION_FORMAT = "dwarf-with-dsym";
				ENABLE_NS_ASSERTIONS = NO;
				ENABLE_STRICT_OBJC_MSGSEND = YES;
				GCC_C_LANGUAGE_STANDARD = gnu11;
				GCC_NO_COMMON_BLOCKS = YES;
				GCC_WARN_64_TO_32_BIT_CONVERSION = YES;
				GCC_WARN_ABOUT_RETURN_TYPE = YES_ERROR;
				GCC_WARN_UNDECLARED_SELECTOR = YES;
				GCC_WARN_UNINITIALIZED_AUTOS = YES_AGGRESSIVE;
				GCC_WARN_UNUSED_FUNCTION = YES;
				GCC_WARN_UNUSED_VARIABLE = YES;
				IPHONEOS_DEPLOYMENT_TARGET = 14.4;
				MTL_ENABLE_DEBUG_INFO = NO;
				MTL_FAST_MATH = YES;
				SDKROOT = iphoneos;
				SWIFT_COMPILATION_MODE = wholemodule;
				SWIFT_OPTIMIZATION_LEVEL = "-O";
				VALIDATE_PRODUCT = YES;
			};
			name = Release;
		};
		017E3DAD263277A300E419D1 /* Debug */ = {
			isa = XCBuildConfiguration;
			baseConfigurationReference = 92C8860E680C6FA79792573B /* Pods-LoweWeather.debug.xcconfig */;
			buildSettings = {
				ASSETCATALOG_COMPILER_APPICON_NAME = AppIcon;
				ASSETCATALOG_COMPILER_GLOBAL_ACCENT_COLOR_NAME = AccentColor;
				CODE_SIGN_STYLE = Automatic;
				DEVELOPMENT_ASSET_PATHS = "\"LoweWeather/Preview Content\"";
				ENABLE_PREVIEWS = YES;
				INFOPLIST_FILE = LoweWeather/Info.plist;
				IPHONEOS_DEPLOYMENT_TARGET = 14.0;
				LD_RUNPATH_SEARCH_PATHS = (
					"$(inherited)",
					"@executable_path/Frameworks",
				);
				PRODUCT_BUNDLE_IDENTIFIER = "David-S.LoweWeather";
				PRODUCT_NAME = "$(TARGET_NAME)";
				SWIFT_VERSION = 5.0;
				TARGETED_DEVICE_FAMILY = "1,2";
			};
			name = Debug;
		};
		017E3DAE263277A300E419D1 /* Release */ = {
			isa = XCBuildConfiguration;
			baseConfigurationReference = CEDDF1132AEB11B0F7F282F6 /* Pods-LoweWeather.release.xcconfig */;
			buildSettings = {
				ASSETCATALOG_COMPILER_APPICON_NAME = AppIcon;
				ASSETCATALOG_COMPILER_GLOBAL_ACCENT_COLOR_NAME = AccentColor;
				CODE_SIGN_STYLE = Automatic;
				DEVELOPMENT_ASSET_PATHS = "\"LoweWeather/Preview Content\"";
				ENABLE_PREVIEWS = YES;
				INFOPLIST_FILE = LoweWeather/Info.plist;
				IPHONEOS_DEPLOYMENT_TARGET = 14.0;
				LD_RUNPATH_SEARCH_PATHS = (
					"$(inherited)",
					"@executable_path/Frameworks",
				);
				PRODUCT_BUNDLE_IDENTIFIER = "David-S.LoweWeather";
				PRODUCT_NAME = "$(TARGET_NAME)";
				SWIFT_VERSION = 5.0;
				TARGETED_DEVICE_FAMILY = "1,2";
			};
			name = Release;
		};
/* End XCBuildConfiguration section */

/* Begin XCConfigurationList section */
		017E3D982632779D00E419D1 /* Build configuration list for PBXProject "LoweWeather" */ = {
			isa = XCConfigurationList;
			buildConfigurations = (
				017E3DAA263277A300E419D1 /* Debug */,
				017E3DAB263277A300E419D1 /* Release */,
			);
			defaultConfigurationIsVisible = 0;
			defaultConfigurationName = Release;
		};
		017E3DAC263277A300E419D1 /* Build configuration list for PBXNativeTarget "LoweWeather" */ = {
			isa = XCConfigurationList;
			buildConfigurations = (
				017E3DAD263277A300E419D1 /* Debug */,
				017E3DAE263277A300E419D1 /* Release */,
			);
			defaultConfigurationIsVisible = 0;
			defaultConfigurationName = Release;
		};
/* End XCConfigurationList section */
	};
	rootObject = 017E3D952632779D00E419D1 /* Project object */;
}
